Microsoft Visual Studio Solution File, Format Version 11.00
# Visual Studio 2010
Project("{FAE04EC0-301F-11D3-BF4B-00C04F79EFBC}") = "FubuMVC.Visualizations.Diagnostics", "FubuMVC.Visualizations.Diagnostics\FubuMVC.Visualizations.Diagnostics.csproj", "{6CE3F704-CC12-4E68-AA01-1A42615E58AF}"
EndProject
Project("{FAE04EC0-301F-11D3-BF4B-00C04F79EFBC}") = "FubuMVC.Visualizations.Diagnostics.Tests", "FubuMVC.Visualizations.Diagnostics.Tests\FubuMVC.Visualizations.Diagnostics.Tests.csproj", "{22D3E6EA-723D-41CD-B151-6DDD1E482B14}"
EndProject
Project("{FAE04EC0-301F-11D3-BF4B-00C04F79EFBC}") = "Visualizations.Harness", "Visualizations.Harness\Visualizations.Harness.csproj", "{04E284CC-5FD0-4509-B8CD-DE1CF5BAE14B}"
EndProject
Global
	GlobalSection(SolutionConfigurationPlatforms) = preSolution
		Debug|Any CPU = Debug|Any CPU
		Release|Any CPU = Release|Any CPU
	EndGlobalSection
	GlobalSection(ProjectConfigurationPlatforms) = postSolution
		{6CE3F704-CC12-4E68-AA01-1A42615E58AF}.Debug|Any CPU.ActiveCfg = Debug|Any CPU
		{6CE3F704-CC12-4E68-AA01-1A42615E58AF}.Debug|Any CPU.Build.0 = Debug|Any CPU
		{6CE3F704-CC12-4E68-AA01-1A42615E58AF}.Release|Any CPU.ActiveCfg = Release|Any CPU
		{6CE3F704-CC12-4E68-AA01-1A42615E58AF}.Release|Any CPU.Build.0 = Release|Any CPU
		{22D3E6EA-723D-41CD-B151-6DDD1E482B14}.Debug|Any CPU.ActiveCfg = Debug|Any CPU
		{22D3E6EA-723D-41CD-B151-6DDD1E482B14}.Debug|Any CPU.Build.0 = Debug|Any CPU
		{22D3E6EA-723D-41CD-B151-6DDD1E482B14}.Release|Any CPU.ActiveCfg = Release|Any CPU
		{22D3E6EA-723D-41CD-B151-6DDD1E482B14}.Release|Any CPU.Build.0 = Release|Any CPU
		{04E284CC-5FD0-4509-B8CD-DE1CF5BAE14B}.Debug|Any CPU.ActiveCfg = Debug|Any CPU
		{04E284CC-5FD0-4509-B8CD-DE1CF5BAE14B}.Debug|Any CPU.Build.0 = Debug|Any CPU
		{04E284CC-5FD0-4509-B8CD-DE1CF5BAE14B}.Release|Any CPU.ActiveCfg = Release|Any CPU
		{04E284CC-5FD0-4509-B8CD-DE1CF5BAE14B}.Release|Any CPU.Build.0 = Release|Any CPU
	EndGlobalSection
	GlobalSection(SolutionProperties) = preSolution
		HideSolutionNode = FALSE
	EndGlobalSection
EndGlobal
